{
  "name": "unminutosintiempo",
  "lockfileVersion": 3,
  "requires": true,
  "packages": {
    "": {
      "devDependencies": {
        "@types/mercadopago-sdk-js": "^2.0.17"
      }
    },
    "node_modules/@types/mercadopago-sdk-js": {
      "version": "2.0.17",
      "resolved": "https://registry.npmjs.org/@types/mercadopago-sdk-js/-/mercadopago-sdk-js-2.0.17.tgz",
      "integrity": "sha512-+h0yfRuluyIAxJObrk/hDdObqC2cDHJ8mBi9c6xxsjx6p1s7hycxaToSGm07qgYnXKz/Agd9aSV/UCnb5L36qg==",
      "dev": true,
      "license": "MIT"
    }
  }
}
